{
  "name": "eli-for-president-dropdown-menu",
  "version": "1.0.0",
  "lockfileVersion": 3,
  "requires": true,
  "packages": {
    "": {
      "name": "eli-for-president-dropdown-menu",
      "version": "1.0.0",
      "license": "ISC",
      "dependencies": {
        "eli-for-president-dropdown-menu": "^1.0.0"
      }
    },
    "node_modules/eli-for-president-dropdown-menu": {
      "version": "1.0.0",
      "resolved": "https://registry.npmjs.org/eli-for-president-dropdown-menu/-/eli-for-president-dropdown-menu-1.0.0.tgz",
      "integrity": "sha512-5n3B1H5NAdJpsFEyPSSmsjxC8HZYIXTgyD+L8nONKPg6RpF5puDRKmTCDLih3NUbrILCA6MXiblZmzAVgbDl2Q=="
    }
  }
}
